<?xml version="1.0" encoding="utf-8"?>
<Project ToolsVersion="4.0" xmlns="http://schemas.microsoft.com/developer/msbuild/2003">
  <ItemGroup>
    <ClInclude Include="pch.h">
      <Filter>Default</Filter>
    </ClInclude>
    <ClInclude Include="CameraMoveScript.h">
      <Filter>Script</Filter>
    </ClInclude>
    <ClInclude Include="MissileScript.h">
      <Filter>Script</Filter>
    </ClInclude>
    <ClInclude Include="CStateMgr.h">
      <Filter>Script\PlayerScript\StateMgr</Filter>
    </ClInclude>
    <ClInclude Include="PlayerScript.h">
      <Filter>Script\PlayerScript</Filter>
    </ClInclude>
    <ClInclude Include="CObjKeyMgr.h">
      <Filter>Script\PlayerScript\Key</Filter>
    </ClInclude>
    <ClInclude Include="CSceneSaveLoad.h">
      <Filter>Script</Filter>
    </ClInclude>
    <ClInclude Include="CScriptMgr.h">
      <Filter>Script</Filter>
    </ClInclude>
    <ClInclude Include="BossJugCombatMgrScript.h">
      <Filter>Script\Boss\Jug\CombatMgr</Filter>
    </ClInclude>
    <ClInclude Include="BossJugHandScript.h">
      <Filter>Script\Boss\Jug\Hand</Filter>
    </ClInclude>
    <ClInclude Include="BossJugScript.h">
      <Filter>Script\Boss\Jug\Jug</Filter>
    </ClInclude>
    <ClInclude Include="JugPhase_None.h">
      <Filter>Script\Boss\Jug\CombatMgr\state</Filter>
    </ClInclude>
    <ClInclude Include="JugPhase_Intro.h">
      <Filter>Script\Boss\Jug\CombatMgr\state</Filter>
    </ClInclude>
    <ClInclude Include="JugPhase_1.h">
      <Filter>Script\Boss\Jug\CombatMgr\state</Filter>
    </ClInclude>
    <ClInclude Include="JugPhase_2.h">
      <Filter>Script\Boss\Jug\CombatMgr\state</Filter>
    </ClInclude>
    <ClInclude Include="JugPhase_Dead.h">
      <Filter>Script\Boss\Jug\CombatMgr\state</Filter>
    </ClInclude>
    <ClInclude Include="JugHand_Vanish.h">
      <Filter>Script\Boss\Jug\Hand\state</Filter>
    </ClInclude>
    <ClInclude Include="JugHand_Attack.h">
      <Filter>Script\Boss\Jug\Hand\state</Filter>
    </ClInclude>
    <ClInclude Include="JugHand_Gen.h">
      <Filter>Script\Boss\Jug\Hand\state</Filter>
    </ClInclude>
    <ClInclude Include="JugHand_Idle.h">
      <Filter>Script\Boss\Jug\Hand\state</Filter>
    </ClInclude>
    <ClInclude Include="JugHand_None.h">
      <Filter>Script\Boss\Jug\Hand\state</Filter>
    </ClInclude>
    <ClInclude Include="Jug_WalkGround.h">
      <Filter>Script\Boss\Jug\Jug\state</Filter>
    </ClInclude>
    <ClInclude Include="Jug_Attack_0.h">
      <Filter>Script\Boss\Jug\Jug\state</Filter>
    </ClInclude>
    <ClInclude Include="Jug_Attack_1.h">
      <Filter>Script\Boss\Jug\Jug\state</Filter>
    </ClInclude>
    <ClInclude Include="Jug_Dead.h">
      <Filter>Script\Boss\Jug\Jug\state</Filter>
    </ClInclude>
    <ClInclude Include="Jug_Hammer_Hit.h">
      <Filter>Script\Boss\Jug\Jug\state</Filter>
    </ClInclude>
    <ClInclude Include="Jug_Hammer_Idle.h">
      <Filter>Script\Boss\Jug\Jug\state</Filter>
    </ClInclude>
    <ClInclude Include="Jug_Intro.h">
      <Filter>Script\Boss\Jug\Jug\state</Filter>
    </ClInclude>
    <ClInclude Include="Jug_None.h">
      <Filter>Script\Boss\Jug\Jug\state</Filter>
    </ClInclude>
    <ClInclude Include="Jug_Norm_Hit.h">
      <Filter>Script\Boss\Jug\Jug\state</Filter>
    </ClInclude>
    <ClInclude Include="Jug_Norm_Idle.h">
      <Filter>Script\Boss\Jug\Jug\state</Filter>
    </ClInclude>
    <ClInclude Include="Jug_SpawnHammer.h">
      <Filter>Script\Boss\Jug\Jug\state</Filter>
    </ClInclude>
    <ClInclude Include="PlayerCamScript.h">
      <Filter>Script\PlayerScript</Filter>
    </ClInclude>
    <ClInclude Include="CPlayerStat.h">
      <Filter>Script\PlayerScript\Stat</Filter>
    </ClInclude>
    <ClInclude Include="CPlayerDieState.h">
      <Filter>Script\PlayerScript\State\Die</Filter>
    </ClInclude>
    <ClInclude Include="CPlayerHitState.h">
      <Filter>Script\PlayerScript\State\Hit</Filter>
    </ClInclude>
    <ClInclude Include="CPlayerHeavyAttackState.h">
      <Filter>Script\PlayerScript\State\HeavyAttack</Filter>
    </ClInclude>
    <ClInclude Include="CPlayerLightAttackState.h">
      <Filter>Script\PlayerScript\State\LightAttack</Filter>
    </ClInclude>
    <ClInclude Include="CPlayerJumpState.h">
      <Filter>Script\PlayerScript\State\Jump</Filter>
    </ClInclude>
    <ClInclude Include="CPlayerParryState.h">
      <Filter>Script\PlayerScript\State\Parry</Filter>
    </ClInclude>
    <ClInclude Include="CPlayerSprintState.h">
      <Filter>Script\PlayerScript\State\Sprint</Filter>
    </ClInclude>
    <ClInclude Include="CPlayerIdleState.h">
      <Filter>Script\PlayerScript\State\Idle</Filter>
    </ClInclude>
    <ClInclude Include="CPlayerMoveState.h">
      <Filter>Script\PlayerScript\State\Move</Filter>
    </ClInclude>
    <ClInclude Include="GravityScript.h">
      <Filter>Script\GravityScript</Filter>
    </ClInclude>
    <ClInclude Include="MonsterGunScript.h">
      <Filter>Script\Monster\Deuxiemie\Gun</Filter>
    </ClInclude>
    <ClInclude Include="MonsterSwordScript.h">
      <Filter>Script\Monster\Deuxiemie\Sword</Filter>
    </ClInclude>
    <ClInclude Include="CShield_deuxiemie.h">
      <Filter>Script\Monster\Deuxiemie\Shield</Filter>
    </ClInclude>
    <ClInclude Include="MonsterShieldScript.h">
      <Filter>Script\Monster\Deuxiemie\Shield</Filter>
    </ClInclude>
    <ClInclude Include="CAttack_deuxiemie.h">
      <Filter>Script\Monster\Deuxiemie\Common\Attack</Filter>
    </ClInclude>
    <ClInclude Include="CDeath_deuxiemie.h">
      <Filter>Script\Monster\Deuxiemie\Common\Death</Filter>
    </ClInclude>
    <ClInclude Include="CIdle_deuxiemie.h">
      <Filter>Script\Monster\Deuxiemie\Common\Idle</Filter>
    </ClInclude>
    <ClInclude Include="CRun_deuxiemie.h">
      <Filter>Script\Monster\Deuxiemie\Common\Run</Filter>
    </ClInclude>
    <ClInclude Include="CStun_deuxiemie.h">
      <Filter>Script\Monster\Deuxiemie\Common\Stun</Filter>
    </ClInclude>
    <ClInclude Include="CWalk_deuxiemie.h">
      <Filter>Script\Monster\Deuxiemie\Common\Walk</Filter>
    </ClInclude>
    <ClInclude Include="Jug_Fly.h" />
    <ClInclude Include="HandStateMgrScript.h">
      <Filter>Script\Boss\Jug\Hand\HandStateMgr</Filter>
    </ClInclude>
    <ClInclude Include="GameDefine.h">
      <Filter>Default</Filter>
    </ClInclude>
    <ClInclude Include="BossDefine.h">
      <Filter>Script\Boss</Filter>
    </ClInclude>
  </ItemGroup>
  <ItemGroup>
    <ClCompile Include="pch.cpp">
      <Filter>Default</Filter>
    </ClCompile>
    <ClCompile Include="CameraMoveScript.cpp">
      <Filter>Script</Filter>
    </ClCompile>
    <ClCompile Include="MissileScript.cpp">
      <Filter>Script</Filter>
    </ClCompile>
    <ClCompile Include="CStateMgr.cpp">
      <Filter>Script\PlayerScript\StateMgr</Filter>
    </ClCompile>
    <ClCompile Include="PlayerScript.cpp">
      <Filter>Script\PlayerScript</Filter>
    </ClCompile>
    <ClCompile Include="CObjKeyMgr.cpp">
      <Filter>Script\PlayerScript\Key</Filter>
    </ClCompile>
    <ClCompile Include="CSceneSaveLoad.cpp" />
    <ClCompile Include="CScriptMgr.cpp" />
    <ClCompile Include="BossJugCombatMgrScript.cpp">
      <Filter>Script\Boss\Jug\CombatMgr</Filter>
    </ClCompile>
    <ClCompile Include="BossJugHandScript.cpp">
      <Filter>Script\Boss\Jug\Hand</Filter>
    </ClCompile>
    <ClCompile Include="BossJugScript.cpp">
      <Filter>Script\Boss\Jug\Jug</Filter>
    </ClCompile>
    <ClCompile Include="JugPhase_None.cpp">
      <Filter>Script\Boss\Jug\CombatMgr\state</Filter>
    </ClCompile>
    <ClCompile Include="JugPhase_Intro.cpp">
      <Filter>Script\Boss\Jug\CombatMgr\state</Filter>
    </ClCompile>
    <ClCompile Include="JugPhase_1.cpp">
      <Filter>Script\Boss\Jug\CombatMgr\state</Filter>
    </ClCompile>
    <ClCompile Include="JugPhase_2.cpp">
      <Filter>Script\Boss\Jug\CombatMgr\state</Filter>
    </ClCompile>
    <ClCompile Include="JugPhase_Dead.cpp">
      <Filter>Script\Boss\Jug\CombatMgr\state</Filter>
    </ClCompile>
    <ClCompile Include="JugHand_Attack.cpp">
      <Filter>Script\Boss\Jug\Hand\state</Filter>
    </ClCompile>
    <ClCompile Include="JugHand_Gen.cpp">
      <Filter>Script\Boss\Jug\Hand\state</Filter>
    </ClCompile>
    <ClCompile Include="JugHand_Idle.cpp">
      <Filter>Script\Boss\Jug\Hand\state</Filter>
    </ClCompile>
    <ClCompile Include="JugHand_None.cpp">
      <Filter>Script\Boss\Jug\Hand\state</Filter>
    </ClCompile>
    <ClCompile Include="JugHand_Vanish.cpp">
      <Filter>Script\Boss\Jug\Hand\state</Filter>
    </ClCompile>
    <ClCompile Include="Jug_Attack_0.cpp">
      <Filter>Script\Boss\Jug\Jug\state</Filter>
    </ClCompile>
    <ClCompile Include="Jug_Attack_1.cpp">
      <Filter>Script\Boss\Jug\Jug\state</Filter>
    </ClCompile>
    <ClCompile Include="Jug_Dead.cpp">
      <Filter>Script\Boss\Jug\Jug\state</Filter>
    </ClCompile>
    <ClCompile Include="Jug_Hammer_Hit.cpp">
      <Filter>Script\Boss\Jug\Jug\state</Filter>
    </ClCompile>
    <ClCompile Include="Jug_Hammer_Idle.cpp">
      <Filter>Script\Boss\Jug\Jug\state</Filter>
    </ClCompile>
    <ClCompile Include="Jug_Intro.cpp">
      <Filter>Script\Boss\Jug\Jug\state</Filter>
    </ClCompile>
    <ClCompile Include="Jug_None.cpp">
      <Filter>Script\Boss\Jug\Jug\state</Filter>
    </ClCompile>
    <ClCompile Include="Jug_Norm_Hit.cpp">
      <Filter>Script\Boss\Jug\Jug\state</Filter>
    </ClCompile>
    <ClCompile Include="Jug_Norm_Idle.cpp">
      <Filter>Script\Boss\Jug\Jug\state</Filter>
    </ClCompile>
    <ClCompile Include="Jug_SpawnHammer.cpp">
      <Filter>Script\Boss\Jug\Jug\state</Filter>
    </ClCompile>
    <ClCompile Include="Jug_WalkGround.cpp">
      <Filter>Script\Boss\Jug\Jug\state</Filter>
    </ClCompile>
    <ClCompile Include="PlayerCamScript.cpp">
      <Filter>Script\PlayerScript</Filter>
    </ClCompile>
    <ClCompile Include="CPlayerStat.cpp">
      <Filter>Script\PlayerScript\Stat</Filter>
    </ClCompile>
    <ClCompile Include="CPlayerDieState.cpp">
      <Filter>Script\PlayerScript\State\Die</Filter>
    </ClCompile>
    <ClCompile Include="CPlayerHitState.cpp">
      <Filter>Script\PlayerScript\State\Hit</Filter>
    </ClCompile>
    <ClCompile Include="CPlayerHeavyAttackState.cpp">
      <Filter>Script\PlayerScript\State\HeavyAttack</Filter>
    </ClCompile>
    <ClCompile Include="CPlayerLightAttackState.cpp">
      <Filter>Script\PlayerScript\State\LightAttack</Filter>
    </ClCompile>
    <ClCompile Include="CPlayerJumpState.cpp">
      <Filter>Script\PlayerScript\State\Jump</Filter>
    </ClCompile>
    <ClCompile Include="CPlayerParryState.cpp">
      <Filter>Script\PlayerScript\State\Parry</Filter>
    </ClCompile>
    <ClCompile Include="CPlayerSprintState.cpp">
      <Filter>Script\PlayerScript\State\Sprint</Filter>
    </ClCompile>
    <ClCompile Include="CPlayerIdleState.cpp">
      <Filter>Script\PlayerScript\State\Idle</Filter>
    </ClCompile>
    <ClCompile Include="CPlayerMoveState.cpp">
      <Filter>Script\PlayerScript\State\Move</Filter>
    </ClCompile>
    <ClCompile Include="GravityScript.cpp">
      <Filter>Script\GravityScript</Filter>
    </ClCompile>
    <ClCompile Include="MonsterGunScript.cpp">
      <Filter>Script\Monster\Deuxiemie\Gun</Filter>
    </ClCompile>
    <ClCompile Include="MonsterSwordScript.cpp">
      <Filter>Script\Monster\Deuxiemie\Sword</Filter>
    </ClCompile>
    <ClCompile Include="CShield_deuxiemie.cpp">
      <Filter>Script\Monster\Deuxiemie\Shield</Filter>
    </ClCompile>
    <ClCompile Include="MonsterShieldScript.cpp">
      <Filter>Script\Monster\Deuxiemie\Shield</Filter>
    </ClCompile>
    <ClCompile Include="CAttack_deuxiemie.cpp">
      <Filter>Script\Monster\Deuxiemie\Common\Attack</Filter>
    </ClCompile>
    <ClCompile Include="CDeath_deuxiemie.cpp">
      <Filter>Script\Monster\Deuxiemie\Common\Death</Filter>
    </ClCompile>
    <ClCompile Include="CIdle_deuxiemie.cpp">
      <Filter>Script\Monster\Deuxiemie\Common\Idle</Filter>
    </ClCompile>
    <ClCompile Include="CRun_deuxiemie.cpp">
      <Filter>Script\Monster\Deuxiemie\Common\Run</Filter>
    </ClCompile>
    <ClCompile Include="CStun_deuxiemie.cpp">
      <Filter>Script\Monster\Deuxiemie\Common\Stun</Filter>
    </ClCompile>
    <ClCompile Include="CWalk_deuxiemie.cpp">
      <Filter>Script\Monster\Deuxiemie\Common\Walk</Filter>
    </ClCompile>
    <ClCompile Include="Jug_Fly.cpp" />
    <ClCompile Include="HandStateMgrScript.cpp">
      <Filter>Script\Boss\Jug\Hand\HandStateMgr</Filter>
    </ClCompile>
  </ItemGroup>
  <ItemGroup>
    <Filter Include="Default">
      <UniqueIdentifier>{5af2d85a-2f9c-4937-9fa8-e14337ba7274}</UniqueIdentifier>
    </Filter>
    <Filter Include="Script">
      <UniqueIdentifier>{ac27a7a1-23b1-4a47-8b9b-231c2e57487d}</UniqueIdentifier>
    </Filter>
    <Filter Include="Script\PlayerScript">
      <UniqueIdentifier>{a23fde27-89ca-4bd4-a600-ab785e942220}</UniqueIdentifier>
    </Filter>
    <Filter Include="Script\PlayerScript\StateMgr">
      <UniqueIdentifier>{3fd3f55f-b709-475c-84ba-36f283eddc39}</UniqueIdentifier>
    </Filter>
    <Filter Include="Script\PlayerScript\Stat">
      <UniqueIdentifier>{adbeabb8-ceb7-4ae3-a0f5-d145b3bd686e}</UniqueIdentifier>
    </Filter>
    <Filter Include="Script\PlayerScript\State">
      <UniqueIdentifier>{2b8526b3-0109-4729-af73-6a3dfb77008d}</UniqueIdentifier>
    </Filter>
    <Filter Include="Script\PlayerScript\State\Idle">
      <UniqueIdentifier>{289e8701-98ce-4190-947b-08f90258bfb7}</UniqueIdentifier>
    </Filter>
    <Filter Include="Script\PlayerScript\State\Die">
      <UniqueIdentifier>{74dd7de0-25d9-4df1-ae10-b7562a7f65c7}</UniqueIdentifier>
    </Filter>
    <Filter Include="Script\PlayerScript\State\Hit">
      <UniqueIdentifier>{b6087e97-6558-4ae8-98a6-7b5b14724f8b}</UniqueIdentifier>
    </Filter>
    <Filter Include="Script\PlayerScript\Key">
      <UniqueIdentifier>{8c570a7e-35af-46ae-990a-74a631b0f457}</UniqueIdentifier>
    </Filter>
    <Filter Include="Script\Boss">
      <UniqueIdentifier>{53fc9460-4df9-4b1e-a285-37da32ebcda1}</UniqueIdentifier>
    </Filter>
    <Filter Include="Script\Boss\Jug">
      <UniqueIdentifier>{d3762b2e-a24d-47b6-879c-56d6a00674fd}</UniqueIdentifier>
    </Filter>
    <Filter Include="Script\Boss\Jug\CombatMgr">
      <UniqueIdentifier>{c267f23d-6f8e-44db-8dbb-807ae5ed80ef}</UniqueIdentifier>
    </Filter>
    <Filter Include="Script\Boss\Jug\Hand">
      <UniqueIdentifier>{6a5fb250-5812-4340-847a-527b38627087}</UniqueIdentifier>
    </Filter>
    <Filter Include="Script\Boss\Jug\CombatMgr\state">
      <UniqueIdentifier>{e5e41da3-f1bc-406a-8198-f136c52ef28e}</UniqueIdentifier>
    </Filter>
    <Filter Include="Script\Boss\Jug\Hand\state">
      <UniqueIdentifier>{6e41c434-acc7-4c08-8781-bbde33541f6a}</UniqueIdentifier>
    </Filter>
    <Filter Include="Script\Boss\Jug\Jug">
      <UniqueIdentifier>{29b1369c-d985-4330-bab8-374ae2d60406}</UniqueIdentifier>
    </Filter>
    <Filter Include="Script\Boss\Jug\Jug\state">
      <UniqueIdentifier>{1fefd57c-2ad6-4a89-a999-02b1e3c1b696}</UniqueIdentifier>
    </Filter>
    <Filter Include="Script\PlayerScript\State\Jump">
      <UniqueIdentifier>{b5250e9b-8760-423f-9f13-424c1ed9aeab}</UniqueIdentifier>
    </Filter>
    <Filter Include="Script\PlayerScript\State\LightAttack">
      <UniqueIdentifier>{4f14e09f-51bc-482d-90ec-a0e77e5741ea}</UniqueIdentifier>
    </Filter>
    <Filter Include="Script\PlayerScript\State\HeavyAttack">
      <UniqueIdentifier>{8a5fe6ea-a8c2-4fe3-affa-977731c52a1e}</UniqueIdentifier>
    </Filter>
    <Filter Include="Script\PlayerScript\State\Move">
      <UniqueIdentifier>{042860cf-ee06-4054-a5d9-8e66c3c13022}</UniqueIdentifier>
    </Filter>
    <Filter Include="Script\PlayerScript\State\Parry">
      <UniqueIdentifier>{4dc25546-9bc2-48c1-9f83-d056abd9ff85}</UniqueIdentifier>
    </Filter>
    <Filter Include="Script\PlayerScript\State\Sprint">
      <UniqueIdentifier>{db1ba327-3a4e-4732-9d5a-a7cd7b7f38c9}</UniqueIdentifier>
    </Filter>
    <Filter Include="Script\GravityScript">
      <UniqueIdentifier>{5d06dcbb-b6ff-4476-9f5d-4b915c6e1068}</UniqueIdentifier>
    </Filter>
    <Filter Include="Script\Monster">
      <UniqueIdentifier>{2a67a331-13fc-4eba-8f3c-5cfe045c0eef}</UniqueIdentifier>
    </Filter>
    <Filter Include="Script\Monster\Deuxiemie">
      <UniqueIdentifier>{2594bd1e-e7e1-4a89-bf1f-c1d64231aec8}</UniqueIdentifier>
    </Filter>
    <Filter Include="Script\Monster\Deuxiemie\Gun">
      <UniqueIdentifier>{8d60192d-238a-4378-84db-d882897fd676}</UniqueIdentifier>
    </Filter>
    <Filter Include="Script\Monster\Deuxiemie\Sword">
      <UniqueIdentifier>{529e812c-aa10-4d2d-9c50-80c46db3008c}</UniqueIdentifier>
    </Filter>
    <Filter Include="Script\Monster\Deuxiemie\Shield">
      <UniqueIdentifier>{02761fa1-6189-48a1-b180-3a46327ce433}</UniqueIdentifier>
    </Filter>
    <Filter Include="Script\Monster\Deuxiemie\Common">
      <UniqueIdentifier>{35aa1204-09fe-476c-a0a8-f5bfa919c33a}</UniqueIdentifier>
    </Filter>
    <Filter Include="Script\Monster\Deuxiemie\Common\Attack">
      <UniqueIdentifier>{91e791ca-e796-476e-a7fd-741207ed41c1}</UniqueIdentifier>
    </Filter>
    <Filter Include="Script\Monster\Deuxiemie\Common\Death">
      <UniqueIdentifier>{320c8701-d0f4-4c77-a232-ee3a504a1e22}</UniqueIdentifier>
    </Filter>
    <Filter Include="Script\Monster\Deuxiemie\Common\Idle">
      <UniqueIdentifier>{c2220874-e7ef-4b45-a928-b83803729af8}</UniqueIdentifier>
    </Filter>
    <Filter Include="Script\Monster\Deuxiemie\Common\Run">
      <UniqueIdentifier>{9c5c0580-1cd4-45a5-bd0c-65992185a479}</UniqueIdentifier>
    </Filter>
    <Filter Include="Script\Monster\Deuxiemie\Common\Stun">
      <UniqueIdentifier>{5ef45509-4e29-4f88-a6fb-aae1a10fe121}</UniqueIdentifier>
    </Filter>
    <Filter Include="Script\Monster\Deuxiemie\Common\Walk">
      <UniqueIdentifier>{67ec2341-3767-4994-ac6b-364904f4afd9}</UniqueIdentifier>
    </Filter>
    <Filter Include="Script\Boss\Jug\Hand\HandStateMgr">
      <UniqueIdentifier>{93ad1de1-922e-4937-b2a1-309b864ec508}</UniqueIdentifier>
    </Filter>
  </ItemGroup>
</Project>